// !$*UTF8*$!
{
	archiveVersion = 1;
	classes = {
	};
	objectVersion = 46;
	objects = {

/* Begin PBXFileReference section */
		96DC398016FB9E84008A56D4 /* scheduler.c */ = {isa = PBXFileReference; lastKnownFileType = sourcecode.c.c; path = scheduler.c; sourceTree = "<group>"; };
		96DC398116FB9EAA008A56D4 /* scheduler.h */ = {isa = PBXFileReference; lastKnownFileType = sourcecode.c.h; path = scheduler.h; sourceTree = "<group>"; };
		96DC398416FBA868008A56D4 /* tasks.h */ = {isa = PBXFileReference; lastKnownFileType = sourcecode.c.h; path = tasks.h; sourceTree = "<group>"; };
/* End PBXFileReference section */

/* Begin PBXGroup section */
		96DC397716FB9E52008A56D4 = {
			isa = PBXGroup;
			children = (
				96DC398016FB9E84008A56D4 /* scheduler.c */,
				96DC398116FB9EAA008A56D4 /* scheduler.h */,
				96DC398416FBA868008A56D4 /* tasks.h */,
			);
			sourceTree = "<group>";
		};
/* End PBXGroup section */

/* Begin PBXProject section */
		96DC397916FB9E52008A56D4 /* Project object */ = {
			isa = PBXProject;
			attributes = {
				LastUpgradeCheck = 0440;
			};
			buildConfigurationList = 96DC397C16FB9E52008A56D4 /* Build configuration list for PBXProject "scheduler" */;
			compatibilityVersion = "Xcode 3.2";
			developmentRegion = English;
			hasScannedForEncodings = 0;
			knownRegions = (
				en,
			);
			mainGroup = 96DC397716FB9E52008A56D4;
			projectDirPath = "";
			projectRoot = "";
			targets = (
			);
		};
/* End PBXProject section */

/* Begin XCBuildConfiguration section */
		96DC397E16FB9E52008A56D4 /* Debug */ = {
			isa = XCBuildConfiguration;
			buildSettings = {
			};
			name = Debug;
		};
		96DC397F16FB9E52008A56D4 /* Release */ = {
			isa = XCBuildConfiguration;
			buildSettings = {
			};
			name = Release;
		};
/* End XCBuildConfiguration section */

/* Begin XCConfigurationList section */
		96DC397C16FB9E52008A56D4 /* Build configuration list for PBXProject "scheduler" */ = {
			isa = XCConfigurationList;
			buildConfigurations = (
				96DC397E16FB9E52008A56D4 /* Debug */,
				96DC397F16FB9E52008A56D4 /* Release */,
			);
			defaultConfigurationIsVisible = 0;
			defaultConfigurationName = Release;
		};
/* End XCConfigurationList section */
	};
	rootObject = 96DC397916FB9E52008A56D4 /* Project object */;
}
